
Microsoft Visual Studio Solution File, Format Version 12.00
# Visual Studio Version 17
VisualStudioVersion = 17.3.32819.101
MinimumVisualStudioVersion = 10.0.40219.1
Project("{9A19103F-16F7-4668-BE54-9A1E7A4F7556}") = "Polls.Api", "Polls.Api\Polls.Api.csproj", "{C4C26229-D6E3-423E-BEF0-EC65438C401D}"
EndProject
Project("{9A19103F-16F7-4668-BE54-9A1E7A4F7556}") = "Polls.Api.Tests", "Polls.Api.Tests\Polls.Api.Tests.csproj", "{BB5705A0-8497-4DC8-9DEA-637A4401BE47}"
EndProject
Project("{9A19103F-16F7-4668-BE54-9A1E7A4F7556}") = "Polls.Lib", "Polls.Lib\Polls.Lib.csproj", "{27C4DE6C-4B5D-474E-807B-89F881371135}"
EndProject
Project("{9092AA53-FB77-4645-B42D-1CCCA6BD08BD}") = "Polls.PushNotifications", "Polls.PushNotifications\Polls.PushNotifications.njsproj", "{3A641AE9-3B77-477B-9808-FD5E1F7F84F2}"
EndProject
Global
	GlobalSection(SolutionConfigurationPlatforms) = preSolution
		Debug|Any CPU = Debug|Any CPU
		Release|Any CPU = Release|Any CPU
	EndGlobalSection
	GlobalSection(ProjectConfigurationPlatforms) = postSolution
		{C4C26229-D6E3-423E-BEF0-EC65438C401D}.Debug|Any CPU.ActiveCfg = Debug|Any CPU
		{C4C26229-D6E3-423E-BEF0-EC65438C401D}.Debug|Any CPU.Build.0 = Debug|Any CPU
		{C4C26229-D6E3-423E-BEF0-EC65438C401D}.Release|Any CPU.ActiveCfg = Release|Any CPU
		{C4C26229-D6E3-423E-BEF0-EC65438C401D}.Release|Any CPU.Build.0 = Release|Any CPU
		{BB5705A0-8497-4DC8-9DEA-637A4401BE47}.Debug|Any CPU.ActiveCfg = Debug|Any CPU
		{BB5705A0-8497-4DC8-9DEA-637A4401BE47}.Debug|Any CPU.Build.0 = Debug|Any CPU
		{BB5705A0-8497-4DC8-9DEA-637A4401BE47}.Release|Any CPU.ActiveCfg = Release|Any CPU
		{BB5705A0-8497-4DC8-9DEA-637A4401BE47}.Release|Any CPU.Build.0 = Release|Any CPU
		{27C4DE6C-4B5D-474E-807B-89F881371135}.Debug|Any CPU.ActiveCfg = Debug|Any CPU
		{27C4DE6C-4B5D-474E-807B-89F881371135}.Debug|Any CPU.Build.0 = Debug|Any CPU
		{27C4DE6C-4B5D-474E-807B-89F881371135}.Release|Any CPU.ActiveCfg = Release|Any CPU
		{27C4DE6C-4B5D-474E-807B-89F881371135}.Release|Any CPU.Build.0 = Release|Any CPU
		{3A641AE9-3B77-477B-9808-FD5E1F7F84F2}.Debug|Any CPU.ActiveCfg = Debug|Any CPU
		{3A641AE9-3B77-477B-9808-FD5E1F7F84F2}.Debug|Any CPU.Build.0 = Debug|Any CPU
		{3A641AE9-3B77-477B-9808-FD5E1F7F84F2}.Release|Any CPU.ActiveCfg = Release|Any CPU
		{3A641AE9-3B77-477B-9808-FD5E1F7F84F2}.Release|Any CPU.Build.0 = Release|Any CPU
	EndGlobalSection
	GlobalSection(SolutionProperties) = preSolution
		HideSolutionNode = FALSE
	EndGlobalSection
	GlobalSection(ExtensibilityGlobals) = postSolution
		SolutionGuid = {EC739AC3-B7DB-444C-AE4D-4F6B8B319032}
	EndGlobalSection
EndGlobal
